
Microsoft Visual Studio Solution File, Format Version 12.00
# Visual Studio 14
VisualStudioVersion = 14.0.25420.1
MinimumVisualStudioVersion = 10.0.40219.1
Project("{8BC9CEB8-8B4A-11D0-8D11-00A0C91BC942}") = "GetValueFromASM", "GetValueFromASM\GetValueFromASM.vcxproj", "{2FD2B422-D759-421D-9FE0-0888E6582AFB}"
EndProject
Project("{8BC9CEB8-8B4A-11D0-8D11-00A0C91BC942}") = "MinMax", "MinMax\MinMax.vcxproj", "{4EF7CC00-E301-4FCA-AF43-651D571AEF25}"
EndProject
Project("{8BC9CEB8-8B4A-11D0-8D11-00A0C91BC942}") = "TestInstruction", "TestInstruction\TestInstruction.vcxproj", "{4B7CF5F9-473D-4F22-8304-D293C17CC7E3}"
EndProject
Project("{8BC9CEB8-8B4A-11D0-8D11-00A0C91BC942}") = "BitTest", "BitTest\BitTest.vcxproj", "{F6E0E0CC-D576-438B-A9EA-EFAC5F7D31B6}"
EndProject
Project("{8BC9CEB8-8B4A-11D0-8D11-00A0C91BC942}") = "ByteSwap", "ByteSwap\ByteSwap.vcxproj", "{EA2D0016-E37F-4BFE-86DE-1C5E9081D970}"
EndProject
Project("{8BC9CEB8-8B4A-11D0-8D11-00A0C91BC942}") = "BitScan", "BitScan\BitScan.vcxproj", "{21DABAF9-3DA9-40FE-857C-26087F6A9694}"
EndProject
Project("{8BC9CEB8-8B4A-11D0-8D11-00A0C91BC942}") = "StoreString", "StoreString\StoreString.vcxproj", "{8218E4D0-B762-4316-8012-49E994F3BC39}"
EndProject
Project("{8BC9CEB8-8B4A-11D0-8D11-00A0C91BC942}") = "LoadString", "LoadString\LoadString.vcxproj", "{C8BD21FF-15EE-4CF0-85CE-6DC1FC8BD412}"
EndProject
Project("{8BC9CEB8-8B4A-11D0-8D11-00A0C91BC942}") = "CompareString", "CompareString\CompareString.vcxproj", "{D2CEE2EC-5832-4661-9400-D4B4FE37DC9B}"
EndProject
Project("{8BC9CEB8-8B4A-11D0-8D11-00A0C91BC942}") = "MoveString", "MoveString\MoveString.vcxproj", "{C4977A4E-06C9-4AA4-BB6A-7F754F7A85A4}"
EndProject
Project("{8BC9CEB8-8B4A-11D0-8D11-00A0C91BC942}") = "CPUID", "CPUID\CPUID.vcxproj", "{371B69D6-B240-4EFC-A037-C8ED3FD39AF3}"
EndProject
Project("{8BC9CEB8-8B4A-11D0-8D11-00A0C91BC942}") = "DataTypes", "DataTypes\DataTypes.vcxproj", "{04B22513-19FA-403C-8CB9-27DED3D0CA64}"
EndProject
Global
	GlobalSection(SolutionConfigurationPlatforms) = preSolution
		Debug|x64 = Debug|x64
		Debug|x86 = Debug|x86
		Release|x64 = Release|x64
		Release|x86 = Release|x86
	EndGlobalSection
	GlobalSection(ProjectConfigurationPlatforms) = postSolution
		{2FD2B422-D759-421D-9FE0-0888E6582AFB}.Debug|x64.ActiveCfg = Debug|x64
		{2FD2B422-D759-421D-9FE0-0888E6582AFB}.Debug|x64.Build.0 = Debug|x64
		{2FD2B422-D759-421D-9FE0-0888E6582AFB}.Debug|x86.ActiveCfg = Debug|Win32
		{2FD2B422-D759-421D-9FE0-0888E6582AFB}.Debug|x86.Build.0 = Debug|Win32
		{2FD2B422-D759-421D-9FE0-0888E6582AFB}.Release|x64.ActiveCfg = Release|x64
		{2FD2B422-D759-421D-9FE0-0888E6582AFB}.Release|x64.Build.0 = Release|x64
		{2FD2B422-D759-421D-9FE0-0888E6582AFB}.Release|x86.ActiveCfg = Release|Win32
		{2FD2B422-D759-421D-9FE0-0888E6582AFB}.Release|x86.Build.0 = Release|Win32
		{4EF7CC00-E301-4FCA-AF43-651D571AEF25}.Debug|x64.ActiveCfg = Debug|x64
		{4EF7CC00-E301-4FCA-AF43-651D571AEF25}.Debug|x64.Build.0 = Debug|x64
		{4EF7CC00-E301-4FCA-AF43-651D571AEF25}.Debug|x86.ActiveCfg = Debug|Win32
		{4EF7CC00-E301-4FCA-AF43-651D571AEF25}.Debug|x86.Build.0 = Debug|Win32
		{4EF7CC00-E301-4FCA-AF43-651D571AEF25}.Release|x64.ActiveCfg = Release|x64
		{4EF7CC00-E301-4FCA-AF43-651D571AEF25}.Release|x64.Build.0 = Release|x64
		{4EF7CC00-E301-4FCA-AF43-651D571AEF25}.Release|x86.ActiveCfg = Release|Win32
		{4EF7CC00-E301-4FCA-AF43-651D571AEF25}.Release|x86.Build.0 = Release|Win32
		{4B7CF5F9-473D-4F22-8304-D293C17CC7E3}.Debug|x64.ActiveCfg = Debug|x64
		{4B7CF5F9-473D-4F22-8304-D293C17CC7E3}.Debug|x64.Build.0 = Debug|x64
		{4B7CF5F9-473D-4F22-8304-D293C17CC7E3}.Debug|x86.ActiveCfg = Debug|Win32
		{4B7CF5F9-473D-4F22-8304-D293C17CC7E3}.Debug|x86.Build.0 = Debug|Win32
		{4B7CF5F9-473D-4F22-8304-D293C17CC7E3}.Release|x64.ActiveCfg = Release|x64
		{4B7CF5F9-473D-4F22-8304-D293C17CC7E3}.Release|x64.Build.0 = Release|x64
		{4B7CF5F9-473D-4F22-8304-D293C17CC7E3}.Release|x86.ActiveCfg = Release|Win32
		{4B7CF5F9-473D-4F22-8304-D293C17CC7E3}.Release|x86.Build.0 = Release|Win32
		{F6E0E0CC-D576-438B-A9EA-EFAC5F7D31B6}.Debug|x64.ActiveCfg = Debug|x64
		{F6E0E0CC-D576-438B-A9EA-EFAC5F7D31B6}.Debug|x64.Build.0 = Debug|x64
		{F6E0E0CC-D576-438B-A9EA-EFAC5F7D31B6}.Debug|x86.ActiveCfg = Debug|Win32
		{F6E0E0CC-D576-438B-A9EA-EFAC5F7D31B6}.Debug|x86.Build.0 = Debug|Win32
		{F6E0E0CC-D576-438B-A9EA-EFAC5F7D31B6}.Release|x64.ActiveCfg = Release|x64
		{F6E0E0CC-D576-438B-A9EA-EFAC5F7D31B6}.Release|x64.Build.0 = Release|x64
		{F6E0E0CC-D576-438B-A9EA-EFAC5F7D31B6}.Release|x86.ActiveCfg = Release|Win32
		{F6E0E0CC-D576-438B-A9EA-EFAC5F7D31B6}.Release|x86.Build.0 = Release|Win32
		{EA2D0016-E37F-4BFE-86DE-1C5E9081D970}.Debug|x64.ActiveCfg = Debug|x64
		{EA2D0016-E37F-4BFE-86DE-1C5E9081D970}.Debug|x64.Build.0 = Debug|x64
		{EA2D0016-E37F-4BFE-86DE-1C5E9081D970}.Debug|x86.ActiveCfg = Debug|Win32
		{EA2D0016-E37F-4BFE-86DE-1C5E9081D970}.Debug|x86.Build.0 = Debug|Win32
		{EA2D0016-E37F-4BFE-86DE-1C5E9081D970}.Release|x64.ActiveCfg = Release|x64
		{EA2D0016-E37F-4BFE-86DE-1C5E9081D970}.Release|x64.Build.0 = Release|x64
		{EA2D0016-E37F-4BFE-86DE-1C5E9081D970}.Release|x86.ActiveCfg = Release|Win32
		{EA2D0016-E37F-4BFE-86DE-1C5E9081D970}.Release|x86.Build.0 = Release|Win32
		{21DABAF9-3DA9-40FE-857C-26087F6A9694}.Debug|x64.ActiveCfg = Debug|x64
		{21DABAF9-3DA9-40FE-857C-26087F6A9694}.Debug|x64.Build.0 = Debug|x64
		{21DABAF9-3DA9-40FE-857C-26087F6A9694}.Debug|x86.ActiveCfg = Debug|Win32
		{21DABAF9-3DA9-40FE-857C-26087F6A9694}.Debug|x86.Build.0 = Debug|Win32
		{21DABAF9-3DA9-40FE-857C-26087F6A9694}.Release|x64.ActiveCfg = Release|x64
		{21DABAF9-3DA9-40FE-857C-26087F6A9694}.Release|x64.Build.0 = Release|x64
		{21DABAF9-3DA9-40FE-857C-26087F6A9694}.Release|x86.ActiveCfg = Release|Win32
		{21DABAF9-3DA9-40FE-857C-26087F6A9694}.Release|x86.Build.0 = Release|Win32
		{8218E4D0-B762-4316-8012-49E994F3BC39}.Debug|x64.ActiveCfg = Debug|x64
		{8218E4D0-B762-4316-8012-49E994F3BC39}.Debug|x64.Build.0 = Debug|x64
		{8218E4D0-B762-4316-8012-49E994F3BC39}.Debug|x86.ActiveCfg = Debug|Win32
		{8218E4D0-B762-4316-8012-49E994F3BC39}.Debug|x86.Build.0 = Debug|Win32
		{8218E4D0-B762-4316-8012-49E994F3BC39}.Release|x64.ActiveCfg = Release|x64
		{8218E4D0-B762-4316-8012-49E994F3BC39}.Release|x64.Build.0 = Release|x64
		{8218E4D0-B762-4316-8012-49E994F3BC39}.Release|x86.ActiveCfg = Release|Win32
		{8218E4D0-B762-4316-8012-49E994F3BC39}.Release|x86.Build.0 = Release|Win32
		{C8BD21FF-15EE-4CF0-85CE-6DC1FC8BD412}.Debug|x64.ActiveCfg = Debug|x64
		{C8BD21FF-15EE-4CF0-85CE-6DC1FC8BD412}.Debug|x64.Build.0 = Debug|x64
		{C8BD21FF-15EE-4CF0-85CE-6DC1FC8BD412}.Debug|x86.ActiveCfg = Debug|Win32
		{C8BD21FF-15EE-4CF0-85CE-6DC1FC8BD412}.Debug|x86.Build.0 = Debug|Win32
		{C8BD21FF-15EE-4CF0-85CE-6DC1FC8BD412}.Release|x64.ActiveCfg = Release|x64
		{C8BD21FF-15EE-4CF0-85CE-6DC1FC8BD412}.Release|x64.Build.0 = Release|x64
		{C8BD21FF-15EE-4CF0-85CE-6DC1FC8BD412}.Release|x86.ActiveCfg = Release|Win32
		{C8BD21FF-15EE-4CF0-85CE-6DC1FC8BD412}.Release|x86.Build.0 = Release|Win32
		{D2CEE2EC-5832-4661-9400-D4B4FE37DC9B}.Debug|x64.ActiveCfg = Debug|x64
		{D2CEE2EC-5832-4661-9400-D4B4FE37DC9B}.Debug|x64.Build.0 = Debug|x64
		{D2CEE2EC-5832-4661-9400-D4B4FE37DC9B}.Debug|x86.ActiveCfg = Debug|Win32
		{D2CEE2EC-5832-4661-9400-D4B4FE37DC9B}.Debug|x86.Build.0 = Debug|Win32
		{D2CEE2EC-5832-4661-9400-D4B4FE37DC9B}.Release|x64.ActiveCfg = Release|x64
		{D2CEE2EC-5832-4661-9400-D4B4FE37DC9B}.Release|x64.Build.0 = Release|x64
		{D2CEE2EC-5832-4661-9400-D4B4FE37DC9B}.Release|x86.ActiveCfg = Release|Win32
		{D2CEE2EC-5832-4661-9400-D4B4FE37DC9B}.Release|x86.Build.0 = Release|Win32
		{C4977A4E-06C9-4AA4-BB6A-7F754F7A85A4}.Debug|x64.ActiveCfg = Debug|x64
		{C4977A4E-06C9-4AA4-BB6A-7F754F7A85A4}.Debug|x64.Build.0 = Debug|x64
		{C4977A4E-06C9-4AA4-BB6A-7F754F7A85A4}.Debug|x86.ActiveCfg = Debug|Win32
		{C4977A4E-06C9-4AA4-BB6A-7F754F7A85A4}.Debug|x86.Build.0 = Debug|Win32
		{C4977A4E-06C9-4AA4-BB6A-7F754F7A85A4}.Release|x64.ActiveCfg = Release|x64
		{C4977A4E-06C9-4AA4-BB6A-7F754F7A85A4}.Release|x64.Build.0 = Release|x64
		{C4977A4E-06C9-4AA4-BB6A-7F754F7A85A4}.Release|x86.ActiveCfg = Release|Win32
		{C4977A4E-06C9-4AA4-BB6A-7F754F7A85A4}.Release|x86.Build.0 = Release|Win32
		{371B69D6-B240-4EFC-A037-C8ED3FD39AF3}.Debug|x64.ActiveCfg = Debug|x64
		{371B69D6-B240-4EFC-A037-C8ED3FD39AF3}.Debug|x64.Build.0 = Debug|x64
		{371B69D6-B240-4EFC-A037-C8ED3FD39AF3}.Debug|x86.ActiveCfg = Debug|Win32
		{371B69D6-B240-4EFC-A037-C8ED3FD39AF3}.Debug|x86.Build.0 = Debug|Win32
		{371B69D6-B240-4EFC-A037-C8ED3FD39AF3}.Release|x64.ActiveCfg = Release|x64
		{371B69D6-B240-4EFC-A037-C8ED3FD39AF3}.Release|x64.Build.0 = Release|x64
		{371B69D6-B240-4EFC-A037-C8ED3FD39AF3}.Release|x86.ActiveCfg = Release|Win32
		{371B69D6-B240-4EFC-A037-C8ED3FD39AF3}.Release|x86.Build.0 = Release|Win32
		{04B22513-19FA-403C-8CB9-27DED3D0CA64}.Debug|x64.ActiveCfg = Debug|x64
		{04B22513-19FA-403C-8CB9-27DED3D0CA64}.Debug|x64.Build.0 = Debug|x64
		{04B22513-19FA-403C-8CB9-27DED3D0CA64}.Debug|x86.ActiveCfg = Debug|Win32
		{04B22513-19FA-403C-8CB9-27DED3D0CA64}.Debug|x86.Build.0 = Debug|Win32
		{04B22513-19FA-403C-8CB9-27DED3D0CA64}.Release|x64.ActiveCfg = Release|x64
		{04B22513-19FA-403C-8CB9-27DED3D0CA64}.Release|x64.Build.0 = Release|x64
		{04B22513-19FA-403C-8CB9-27DED3D0CA64}.Release|x86.ActiveCfg = Release|Win32
		{04B22513-19FA-403C-8CB9-27DED3D0CA64}.Release|x86.Build.0 = Release|Win32
	EndGlobalSection
	GlobalSection(SolutionProperties) = preSolution
		HideSolutionNode = FALSE
	EndGlobalSection
EndGlobal
