
Microsoft Visual Studio Solution File, Format Version 12.00
# Visual Studio 14
VisualStudioVersion = 14.0.25420.1
MinimumVisualStudioVersion = 10.0.40219.1
Project("{8BC9CEB8-8B4A-11D0-8D11-00A0C91BC942}") = "BreakPoints", "BreakPoints\BreakPoints.vcxproj", "{2F8E307F-ECE5-4119-9179-71804C89CE52}"
EndProject
Project("{8BC9CEB8-8B4A-11D0-8D11-00A0C91BC942}") = "NameThread", "NameThread\NameThread.vcxproj", "{577DBE39-C27A-4695-B3F3-9D66A11D601F}"
EndProject
Project("{8BC9CEB8-8B4A-11D0-8D11-00A0C91BC942}") = "HeapAllocaion", "HeapAllocaion\HeapAllocaion.vcxproj", "{0E8837A7-DE22-4633-B75B-BE27352A352C}"
EndProject
Global
	GlobalSection(SolutionConfigurationPlatforms) = preSolution
		Debug|x64 = Debug|x64
		Debug|x86 = Debug|x86
		Release|x64 = Release|x64
		Release|x86 = Release|x86
	EndGlobalSection
	GlobalSection(ProjectConfigurationPlatforms) = postSolution
		{2F8E307F-ECE5-4119-9179-71804C89CE52}.Debug|x64.ActiveCfg = Debug|x64
		{2F8E307F-ECE5-4119-9179-71804C89CE52}.Debug|x64.Build.0 = Debug|x64
		{2F8E307F-ECE5-4119-9179-71804C89CE52}.Debug|x86.ActiveCfg = Debug|Win32
		{2F8E307F-ECE5-4119-9179-71804C89CE52}.Debug|x86.Build.0 = Debug|Win32
		{2F8E307F-ECE5-4119-9179-71804C89CE52}.Release|x64.ActiveCfg = Release|x64
		{2F8E307F-ECE5-4119-9179-71804C89CE52}.Release|x64.Build.0 = Release|x64
		{2F8E307F-ECE5-4119-9179-71804C89CE52}.Release|x86.ActiveCfg = Release|Win32
		{2F8E307F-ECE5-4119-9179-71804C89CE52}.Release|x86.Build.0 = Release|Win32
		{577DBE39-C27A-4695-B3F3-9D66A11D601F}.Debug|x64.ActiveCfg = Debug|x64
		{577DBE39-C27A-4695-B3F3-9D66A11D601F}.Debug|x64.Build.0 = Debug|x64
		{577DBE39-C27A-4695-B3F3-9D66A11D601F}.Debug|x86.ActiveCfg = Debug|Win32
		{577DBE39-C27A-4695-B3F3-9D66A11D601F}.Debug|x86.Build.0 = Debug|Win32
		{577DBE39-C27A-4695-B3F3-9D66A11D601F}.Release|x64.ActiveCfg = Release|x64
		{577DBE39-C27A-4695-B3F3-9D66A11D601F}.Release|x64.Build.0 = Release|x64
		{577DBE39-C27A-4695-B3F3-9D66A11D601F}.Release|x86.ActiveCfg = Release|Win32
		{577DBE39-C27A-4695-B3F3-9D66A11D601F}.Release|x86.Build.0 = Release|Win32
		{0E8837A7-DE22-4633-B75B-BE27352A352C}.Debug|x64.ActiveCfg = Debug|x64
		{0E8837A7-DE22-4633-B75B-BE27352A352C}.Debug|x64.Build.0 = Debug|x64
		{0E8837A7-DE22-4633-B75B-BE27352A352C}.Debug|x86.ActiveCfg = Debug|Win32
		{0E8837A7-DE22-4633-B75B-BE27352A352C}.Debug|x86.Build.0 = Debug|Win32
		{0E8837A7-DE22-4633-B75B-BE27352A352C}.Release|x64.ActiveCfg = Release|x64
		{0E8837A7-DE22-4633-B75B-BE27352A352C}.Release|x64.Build.0 = Release|x64
		{0E8837A7-DE22-4633-B75B-BE27352A352C}.Release|x86.ActiveCfg = Release|Win32
		{0E8837A7-DE22-4633-B75B-BE27352A352C}.Release|x86.Build.0 = Release|Win32
	EndGlobalSection
	GlobalSection(SolutionProperties) = preSolution
		HideSolutionNode = FALSE
	EndGlobalSection
EndGlobal
