
Microsoft Visual Studio Solution File, Format Version 12.00
# Visual Studio 15
VisualStudioVersion = 15.0.27130.2026
MinimumVisualStudioVersion = 10.0.40219.1
Project("{8BC9CEB8-8B4A-11D0-8D11-00A0C91BC942}") = "Fill", "Fill\Fill.vcxproj", "{1FA43A5F-9470-4AD4-8251-007471EF7128}"
EndProject
Project("{2150E333-8FDC-42A3-9474-1A3956D46DE8}") = "Algorithams", "Algorithams", "{B0F36FEC-B99D-4F1A-B595-4E1EBD4D3F37}"
EndProject
Project("{2150E333-8FDC-42A3-9474-1A3956D46DE8}") = "STL", "STL", "{A784F7CC-5AA1-4C0A-BD51-8BF36C6BEA37}"
EndProject
Project("{2150E333-8FDC-42A3-9474-1A3956D46DE8}") = "C++14", "C++14", "{6FB7D79C-FD41-42EB-AC7C-0B122F1105ED}"
EndProject
Project("{2150E333-8FDC-42A3-9474-1A3956D46DE8}") = "C++17", "C++17", "{6A1567E7-B428-4954-8CC0-8A943483E1EF}"
EndProject
Project("{2150E333-8FDC-42A3-9474-1A3956D46DE8}") = "C++11", "C++11", "{4001F419-C3FD-4D86-9073-6B8F96297697}"
EndProject
Project("{2150E333-8FDC-42A3-9474-1A3956D46DE8}") = "Standerds", "Standerds", "{0CC0947F-D184-4F7E-8E3C-6D77E6694234}"
EndProject
Project("{8BC9CEB8-8B4A-11D0-8D11-00A0C91BC942}") = "Accumulate", "Accumulate\Accumulate.vcxproj", "{52FA844F-9E43-4C13-901B-880AE8853A8B}"
EndProject
Project("{8BC9CEB8-8B4A-11D0-8D11-00A0C91BC942}") = "Equal", "Equal\Equal.vcxproj", "{2ECC2AE9-24ED-4612-ADF6-27B2EA7D022E}"
EndProject
Project("{8BC9CEB8-8B4A-11D0-8D11-00A0C91BC942}") = "DigitSeparator", "DigitSeparator\DigitSeparator.vcxproj", "{D68379E0-2D47-4A79-AA6E-0424A563BB3A}"
EndProject
Project("{8BC9CEB8-8B4A-11D0-8D11-00A0C91BC942}") = "constexper", "constexper\constexper.vcxproj", "{5755C8DF-512C-4AE1-BEE5-0B9A5CB4DD34}"
EndProject
Project("{8BC9CEB8-8B4A-11D0-8D11-00A0C91BC942}") = "VariableTemplate", "VariableTemplate\VariableTemplate.vcxproj", "{CD0687F7-E597-459F-94D7-9388E0FDF9EA}"
EndProject
Project("{8BC9CEB8-8B4A-11D0-8D11-00A0C91BC942}") = "StructureBinding", "StructureBinding\StructureBinding.vcxproj", "{009D46DA-870B-400F-AEF2-DC4BAD899E4C}"
EndProject
Project("{8BC9CEB8-8B4A-11D0-8D11-00A0C91BC942}") = "NestedNamespace", "NestedNamespace\NestedNamespace.vcxproj", "{63E9909F-C67E-4C3A-963C-E828E4C13F32}"
EndProject
Project("{8BC9CEB8-8B4A-11D0-8D11-00A0C91BC942}") = "Functor", "Functor\Functor.vcxproj", "{6AE273C7-9556-4F6A-A8F8-B17118BDC022}"
EndProject
Project("{8BC9CEB8-8B4A-11D0-8D11-00A0C91BC942}") = "Workspace", "Workspace\Workspace.vcxproj", "{B3230C97-C520-49D6-9C7D-8B8CB66C0361}"
EndProject
Project("{2150E333-8FDC-42A3-9474-1A3956D46DE8}") = "Stream", "Stream", "{B68BE7FD-52FA-4E0C-A491-3438137BB18A}"
EndProject
Project("{8BC9CEB8-8B4A-11D0-8D11-00A0C91BC942}") = "StringStream", "StringStream\StringStream.vcxproj", "{B1E04EC3-1165-4095-9E26-8DCD3D312DC8}"
EndProject
Project("{8BC9CEB8-8B4A-11D0-8D11-00A0C91BC942}") = "iosbase", "iosbase\iosbase.vcxproj", "{CC0FCC47-449F-4FA9-89CB-DE5B330AC7F5}"
EndProject
Project("{8BC9CEB8-8B4A-11D0-8D11-00A0C91BC942}") = "Streambuf", "ConsoleApplication1\ConsoleApplication1.vcxproj", "{7B576FEB-A1C9-4CBB-BF26-1AA2D5184B97}"
EndProject
Project("{2150E333-8FDC-42A3-9474-1A3956D46DE8}") = "C++", "C++", "{8D7D5D02-12CE-4F95-9C95-A5CBE4327A2C}"
EndProject
Project("{2150E333-8FDC-42A3-9474-1A3956D46DE8}") = "HPC", "HPC", "{E0FAFCFC-679E-42E7-B66A-662CDC2124B2}"
EndProject
Project("{2150E333-8FDC-42A3-9474-1A3956D46DE8}") = "Assembly", "Assembly", "{96F26632-B291-4699-9409-EF562702F837}"
EndProject
Project("{2150E333-8FDC-42A3-9474-1A3956D46DE8}") = "OpenMP", "OpenMP", "{59DD4F43-2F65-4539-B6F8-5E232F15B6E0}"
EndProject
Project("{2150E333-8FDC-42A3-9474-1A3956D46DE8}") = "x64", "x64", "{ABE1C3FF-3F23-4968-89B8-7B5C3BEA03C4}"
EndProject
Project("{2150E333-8FDC-42A3-9474-1A3956D46DE8}") = "x86", "x86", "{C71A3775-AB85-4321-8AB8-064AF3AE6469}"
EndProject
Project("{2150E333-8FDC-42A3-9474-1A3956D46DE8}") = "C++98", "C++98", "{7D326F97-372D-434D-B526-8297003798E2}"
EndProject
Project("{8BC9CEB8-8B4A-11D0-8D11-00A0C91BC942}") = "DataTypes", "DataTypes\DataTypes.vcxproj", "{CE719747-AC36-4B43-88B1-397D36EBF94A}"
EndProject
Project("{8BC9CEB8-8B4A-11D0-8D11-00A0C91BC942}") = "DataTypes", "..\Assembly\DataTypes\DataTypes.vcxproj", "{9204A74E-3B69-4108-B3C3-39F248D8CEF7}"
EndProject
Project("{8BC9CEB8-8B4A-11D0-8D11-00A0C91BC942}") = "StringInstruction", "..\Assembly\StringInstruction\StringInstruction.vcxproj", "{2A074707-0C07-402E-9E50-063AA5798149}"
EndProject
Project("{8BC9CEB8-8B4A-11D0-8D11-00A0C91BC942}") = "TypeCating", "TypeCating\TypeCating.vcxproj", "{326D5CE4-7D59-455B-B7D8-E208BB5613C5}"
EndProject
Global
	GlobalSection(SolutionConfigurationPlatforms) = preSolution
		Debug|x64 = Debug|x64
		Debug|x86 = Debug|x86
		Release|x64 = Release|x64
		Release|x86 = Release|x86
	EndGlobalSection
	GlobalSection(ProjectConfigurationPlatforms) = postSolution
		{1FA43A5F-9470-4AD4-8251-007471EF7128}.Debug|x64.ActiveCfg = Debug|x64
		{1FA43A5F-9470-4AD4-8251-007471EF7128}.Debug|x64.Build.0 = Debug|x64
		{1FA43A5F-9470-4AD4-8251-007471EF7128}.Debug|x86.ActiveCfg = Debug|Win32
		{1FA43A5F-9470-4AD4-8251-007471EF7128}.Debug|x86.Build.0 = Debug|Win32
		{1FA43A5F-9470-4AD4-8251-007471EF7128}.Release|x64.ActiveCfg = Release|x64
		{1FA43A5F-9470-4AD4-8251-007471EF7128}.Release|x64.Build.0 = Release|x64
		{1FA43A5F-9470-4AD4-8251-007471EF7128}.Release|x86.ActiveCfg = Release|Win32
		{1FA43A5F-9470-4AD4-8251-007471EF7128}.Release|x86.Build.0 = Release|Win32
		{52FA844F-9E43-4C13-901B-880AE8853A8B}.Debug|x64.ActiveCfg = Debug|x64
		{52FA844F-9E43-4C13-901B-880AE8853A8B}.Debug|x64.Build.0 = Debug|x64
		{52FA844F-9E43-4C13-901B-880AE8853A8B}.Debug|x86.ActiveCfg = Debug|Win32
		{52FA844F-9E43-4C13-901B-880AE8853A8B}.Debug|x86.Build.0 = Debug|Win32
		{52FA844F-9E43-4C13-901B-880AE8853A8B}.Release|x64.ActiveCfg = Release|x64
		{52FA844F-9E43-4C13-901B-880AE8853A8B}.Release|x64.Build.0 = Release|x64
		{52FA844F-9E43-4C13-901B-880AE8853A8B}.Release|x86.ActiveCfg = Release|Win32
		{52FA844F-9E43-4C13-901B-880AE8853A8B}.Release|x86.Build.0 = Release|Win32
		{2ECC2AE9-24ED-4612-ADF6-27B2EA7D022E}.Debug|x64.ActiveCfg = Debug|x64
		{2ECC2AE9-24ED-4612-ADF6-27B2EA7D022E}.Debug|x64.Build.0 = Debug|x64
		{2ECC2AE9-24ED-4612-ADF6-27B2EA7D022E}.Debug|x86.ActiveCfg = Debug|Win32
		{2ECC2AE9-24ED-4612-ADF6-27B2EA7D022E}.Debug|x86.Build.0 = Debug|Win32
		{2ECC2AE9-24ED-4612-ADF6-27B2EA7D022E}.Release|x64.ActiveCfg = Release|x64
		{2ECC2AE9-24ED-4612-ADF6-27B2EA7D022E}.Release|x64.Build.0 = Release|x64
		{2ECC2AE9-24ED-4612-ADF6-27B2EA7D022E}.Release|x86.ActiveCfg = Release|Win32
		{2ECC2AE9-24ED-4612-ADF6-27B2EA7D022E}.Release|x86.Build.0 = Release|Win32
		{D68379E0-2D47-4A79-AA6E-0424A563BB3A}.Debug|x64.ActiveCfg = Debug|x64
		{D68379E0-2D47-4A79-AA6E-0424A563BB3A}.Debug|x64.Build.0 = Debug|x64
		{D68379E0-2D47-4A79-AA6E-0424A563BB3A}.Debug|x86.ActiveCfg = Debug|Win32
		{D68379E0-2D47-4A79-AA6E-0424A563BB3A}.Debug|x86.Build.0 = Debug|Win32
		{D68379E0-2D47-4A79-AA6E-0424A563BB3A}.Release|x64.ActiveCfg = Release|x64
		{D68379E0-2D47-4A79-AA6E-0424A563BB3A}.Release|x64.Build.0 = Release|x64
		{D68379E0-2D47-4A79-AA6E-0424A563BB3A}.Release|x86.ActiveCfg = Release|Win32
		{D68379E0-2D47-4A79-AA6E-0424A563BB3A}.Release|x86.Build.0 = Release|Win32
		{5755C8DF-512C-4AE1-BEE5-0B9A5CB4DD34}.Debug|x64.ActiveCfg = Debug|x64
		{5755C8DF-512C-4AE1-BEE5-0B9A5CB4DD34}.Debug|x64.Build.0 = Debug|x64
		{5755C8DF-512C-4AE1-BEE5-0B9A5CB4DD34}.Debug|x86.ActiveCfg = Debug|Win32
		{5755C8DF-512C-4AE1-BEE5-0B9A5CB4DD34}.Debug|x86.Build.0 = Debug|Win32
		{5755C8DF-512C-4AE1-BEE5-0B9A5CB4DD34}.Release|x64.ActiveCfg = Release|x64
		{5755C8DF-512C-4AE1-BEE5-0B9A5CB4DD34}.Release|x64.Build.0 = Release|x64
		{5755C8DF-512C-4AE1-BEE5-0B9A5CB4DD34}.Release|x86.ActiveCfg = Release|Win32
		{5755C8DF-512C-4AE1-BEE5-0B9A5CB4DD34}.Release|x86.Build.0 = Release|Win32
		{CD0687F7-E597-459F-94D7-9388E0FDF9EA}.Debug|x64.ActiveCfg = Debug|x64
		{CD0687F7-E597-459F-94D7-9388E0FDF9EA}.Debug|x64.Build.0 = Debug|x64
		{CD0687F7-E597-459F-94D7-9388E0FDF9EA}.Debug|x86.ActiveCfg = Debug|Win32
		{CD0687F7-E597-459F-94D7-9388E0FDF9EA}.Debug|x86.Build.0 = Debug|Win32
		{CD0687F7-E597-459F-94D7-9388E0FDF9EA}.Release|x64.ActiveCfg = Release|x64
		{CD0687F7-E597-459F-94D7-9388E0FDF9EA}.Release|x64.Build.0 = Release|x64
		{CD0687F7-E597-459F-94D7-9388E0FDF9EA}.Release|x86.ActiveCfg = Release|Win32
		{CD0687F7-E597-459F-94D7-9388E0FDF9EA}.Release|x86.Build.0 = Release|Win32
		{009D46DA-870B-400F-AEF2-DC4BAD899E4C}.Debug|x64.ActiveCfg = Debug|x64
		{009D46DA-870B-400F-AEF2-DC4BAD899E4C}.Debug|x64.Build.0 = Debug|x64
		{009D46DA-870B-400F-AEF2-DC4BAD899E4C}.Debug|x86.ActiveCfg = Debug|Win32
		{009D46DA-870B-400F-AEF2-DC4BAD899E4C}.Debug|x86.Build.0 = Debug|Win32
		{009D46DA-870B-400F-AEF2-DC4BAD899E4C}.Release|x64.ActiveCfg = Release|x64
		{009D46DA-870B-400F-AEF2-DC4BAD899E4C}.Release|x64.Build.0 = Release|x64
		{009D46DA-870B-400F-AEF2-DC4BAD899E4C}.Release|x86.ActiveCfg = Release|Win32
		{009D46DA-870B-400F-AEF2-DC4BAD899E4C}.Release|x86.Build.0 = Release|Win32
		{63E9909F-C67E-4C3A-963C-E828E4C13F32}.Debug|x64.ActiveCfg = Debug|x64
		{63E9909F-C67E-4C3A-963C-E828E4C13F32}.Debug|x64.Build.0 = Debug|x64
		{63E9909F-C67E-4C3A-963C-E828E4C13F32}.Debug|x86.ActiveCfg = Debug|Win32
		{63E9909F-C67E-4C3A-963C-E828E4C13F32}.Debug|x86.Build.0 = Debug|Win32
		{63E9909F-C67E-4C3A-963C-E828E4C13F32}.Release|x64.ActiveCfg = Release|x64
		{63E9909F-C67E-4C3A-963C-E828E4C13F32}.Release|x64.Build.0 = Release|x64
		{63E9909F-C67E-4C3A-963C-E828E4C13F32}.Release|x86.ActiveCfg = Release|Win32
		{63E9909F-C67E-4C3A-963C-E828E4C13F32}.Release|x86.Build.0 = Release|Win32
		{6AE273C7-9556-4F6A-A8F8-B17118BDC022}.Debug|x64.ActiveCfg = Debug|x64
		{6AE273C7-9556-4F6A-A8F8-B17118BDC022}.Debug|x64.Build.0 = Debug|x64
		{6AE273C7-9556-4F6A-A8F8-B17118BDC022}.Debug|x86.ActiveCfg = Debug|Win32
		{6AE273C7-9556-4F6A-A8F8-B17118BDC022}.Debug|x86.Build.0 = Debug|Win32
		{6AE273C7-9556-4F6A-A8F8-B17118BDC022}.Release|x64.ActiveCfg = Release|x64
		{6AE273C7-9556-4F6A-A8F8-B17118BDC022}.Release|x64.Build.0 = Release|x64
		{6AE273C7-9556-4F6A-A8F8-B17118BDC022}.Release|x86.ActiveCfg = Release|Win32
		{6AE273C7-9556-4F6A-A8F8-B17118BDC022}.Release|x86.Build.0 = Release|Win32
		{B3230C97-C520-49D6-9C7D-8B8CB66C0361}.Debug|x64.ActiveCfg = Debug|x64
		{B3230C97-C520-49D6-9C7D-8B8CB66C0361}.Debug|x64.Build.0 = Debug|x64
		{B3230C97-C520-49D6-9C7D-8B8CB66C0361}.Debug|x86.ActiveCfg = Debug|Win32
		{B3230C97-C520-49D6-9C7D-8B8CB66C0361}.Debug|x86.Build.0 = Debug|Win32
		{B3230C97-C520-49D6-9C7D-8B8CB66C0361}.Release|x64.ActiveCfg = Release|x64
		{B3230C97-C520-49D6-9C7D-8B8CB66C0361}.Release|x64.Build.0 = Release|x64
		{B3230C97-C520-49D6-9C7D-8B8CB66C0361}.Release|x86.ActiveCfg = Release|Win32
		{B3230C97-C520-49D6-9C7D-8B8CB66C0361}.Release|x86.Build.0 = Release|Win32
		{B1E04EC3-1165-4095-9E26-8DCD3D312DC8}.Debug|x64.ActiveCfg = Debug|x64
		{B1E04EC3-1165-4095-9E26-8DCD3D312DC8}.Debug|x64.Build.0 = Debug|x64
		{B1E04EC3-1165-4095-9E26-8DCD3D312DC8}.Debug|x86.ActiveCfg = Debug|Win32
		{B1E04EC3-1165-4095-9E26-8DCD3D312DC8}.Debug|x86.Build.0 = Debug|Win32
		{B1E04EC3-1165-4095-9E26-8DCD3D312DC8}.Release|x64.ActiveCfg = Release|x64
		{B1E04EC3-1165-4095-9E26-8DCD3D312DC8}.Release|x64.Build.0 = Release|x64
		{B1E04EC3-1165-4095-9E26-8DCD3D312DC8}.Release|x86.ActiveCfg = Release|Win32
		{B1E04EC3-1165-4095-9E26-8DCD3D312DC8}.Release|x86.Build.0 = Release|Win32
		{CC0FCC47-449F-4FA9-89CB-DE5B330AC7F5}.Debug|x64.ActiveCfg = Debug|x64
		{CC0FCC47-449F-4FA9-89CB-DE5B330AC7F5}.Debug|x64.Build.0 = Debug|x64
		{CC0FCC47-449F-4FA9-89CB-DE5B330AC7F5}.Debug|x86.ActiveCfg = Debug|Win32
		{CC0FCC47-449F-4FA9-89CB-DE5B330AC7F5}.Debug|x86.Build.0 = Debug|Win32
		{CC0FCC47-449F-4FA9-89CB-DE5B330AC7F5}.Release|x64.ActiveCfg = Release|x64
		{CC0FCC47-449F-4FA9-89CB-DE5B330AC7F5}.Release|x64.Build.0 = Release|x64
		{CC0FCC47-449F-4FA9-89CB-DE5B330AC7F5}.Release|x86.ActiveCfg = Release|Win32
		{CC0FCC47-449F-4FA9-89CB-DE5B330AC7F5}.Release|x86.Build.0 = Release|Win32
		{7B576FEB-A1C9-4CBB-BF26-1AA2D5184B97}.Debug|x64.ActiveCfg = Debug|x64
		{7B576FEB-A1C9-4CBB-BF26-1AA2D5184B97}.Debug|x64.Build.0 = Debug|x64
		{7B576FEB-A1C9-4CBB-BF26-1AA2D5184B97}.Debug|x86.ActiveCfg = Debug|Win32
		{7B576FEB-A1C9-4CBB-BF26-1AA2D5184B97}.Debug|x86.Build.0 = Debug|Win32
		{7B576FEB-A1C9-4CBB-BF26-1AA2D5184B97}.Release|x64.ActiveCfg = Release|x64
		{7B576FEB-A1C9-4CBB-BF26-1AA2D5184B97}.Release|x64.Build.0 = Release|x64
		{7B576FEB-A1C9-4CBB-BF26-1AA2D5184B97}.Release|x86.ActiveCfg = Release|Win32
		{7B576FEB-A1C9-4CBB-BF26-1AA2D5184B97}.Release|x86.Build.0 = Release|Win32
		{CE719747-AC36-4B43-88B1-397D36EBF94A}.Debug|x64.ActiveCfg = Debug|x64
		{CE719747-AC36-4B43-88B1-397D36EBF94A}.Debug|x64.Build.0 = Debug|x64
		{CE719747-AC36-4B43-88B1-397D36EBF94A}.Debug|x86.ActiveCfg = Debug|Win32
		{CE719747-AC36-4B43-88B1-397D36EBF94A}.Debug|x86.Build.0 = Debug|Win32
		{CE719747-AC36-4B43-88B1-397D36EBF94A}.Release|x64.ActiveCfg = Release|x64
		{CE719747-AC36-4B43-88B1-397D36EBF94A}.Release|x64.Build.0 = Release|x64
		{CE719747-AC36-4B43-88B1-397D36EBF94A}.Release|x86.ActiveCfg = Release|Win32
		{CE719747-AC36-4B43-88B1-397D36EBF94A}.Release|x86.Build.0 = Release|Win32
		{9204A74E-3B69-4108-B3C3-39F248D8CEF7}.Debug|x64.ActiveCfg = Debug|x64
		{9204A74E-3B69-4108-B3C3-39F248D8CEF7}.Debug|x64.Build.0 = Debug|x64
		{9204A74E-3B69-4108-B3C3-39F248D8CEF7}.Debug|x86.ActiveCfg = Debug|Win32
		{9204A74E-3B69-4108-B3C3-39F248D8CEF7}.Debug|x86.Build.0 = Debug|Win32
		{9204A74E-3B69-4108-B3C3-39F248D8CEF7}.Release|x64.ActiveCfg = Release|x64
		{9204A74E-3B69-4108-B3C3-39F248D8CEF7}.Release|x64.Build.0 = Release|x64
		{9204A74E-3B69-4108-B3C3-39F248D8CEF7}.Release|x86.ActiveCfg = Release|Win32
		{9204A74E-3B69-4108-B3C3-39F248D8CEF7}.Release|x86.Build.0 = Release|Win32
		{2A074707-0C07-402E-9E50-063AA5798149}.Debug|x64.ActiveCfg = Debug|x64
		{2A074707-0C07-402E-9E50-063AA5798149}.Debug|x64.Build.0 = Debug|x64
		{2A074707-0C07-402E-9E50-063AA5798149}.Debug|x86.ActiveCfg = Debug|Win32
		{2A074707-0C07-402E-9E50-063AA5798149}.Debug|x86.Build.0 = Debug|Win32
		{2A074707-0C07-402E-9E50-063AA5798149}.Release|x64.ActiveCfg = Release|x64
		{2A074707-0C07-402E-9E50-063AA5798149}.Release|x64.Build.0 = Release|x64
		{2A074707-0C07-402E-9E50-063AA5798149}.Release|x86.ActiveCfg = Release|Win32
		{2A074707-0C07-402E-9E50-063AA5798149}.Release|x86.Build.0 = Release|Win32
		{326D5CE4-7D59-455B-B7D8-E208BB5613C5}.Debug|x64.ActiveCfg = Debug|x64
		{326D5CE4-7D59-455B-B7D8-E208BB5613C5}.Debug|x64.Build.0 = Debug|x64
		{326D5CE4-7D59-455B-B7D8-E208BB5613C5}.Debug|x86.ActiveCfg = Debug|Win32
		{326D5CE4-7D59-455B-B7D8-E208BB5613C5}.Debug|x86.Build.0 = Debug|Win32
		{326D5CE4-7D59-455B-B7D8-E208BB5613C5}.Release|x64.ActiveCfg = Release|x64
		{326D5CE4-7D59-455B-B7D8-E208BB5613C5}.Release|x64.Build.0 = Release|x64
		{326D5CE4-7D59-455B-B7D8-E208BB5613C5}.Release|x86.ActiveCfg = Release|Win32
		{326D5CE4-7D59-455B-B7D8-E208BB5613C5}.Release|x86.Build.0 = Release|Win32
	EndGlobalSection
	GlobalSection(SolutionProperties) = preSolution
		HideSolutionNode = FALSE
	EndGlobalSection
	GlobalSection(NestedProjects) = preSolution
		{1FA43A5F-9470-4AD4-8251-007471EF7128} = {B0F36FEC-B99D-4F1A-B595-4E1EBD4D3F37}
		{B0F36FEC-B99D-4F1A-B595-4E1EBD4D3F37} = {A784F7CC-5AA1-4C0A-BD51-8BF36C6BEA37}
		{A784F7CC-5AA1-4C0A-BD51-8BF36C6BEA37} = {8D7D5D02-12CE-4F95-9C95-A5CBE4327A2C}
		{6FB7D79C-FD41-42EB-AC7C-0B122F1105ED} = {0CC0947F-D184-4F7E-8E3C-6D77E6694234}
		{6A1567E7-B428-4954-8CC0-8A943483E1EF} = {0CC0947F-D184-4F7E-8E3C-6D77E6694234}
		{4001F419-C3FD-4D86-9073-6B8F96297697} = {0CC0947F-D184-4F7E-8E3C-6D77E6694234}
		{0CC0947F-D184-4F7E-8E3C-6D77E6694234} = {8D7D5D02-12CE-4F95-9C95-A5CBE4327A2C}
		{52FA844F-9E43-4C13-901B-880AE8853A8B} = {B0F36FEC-B99D-4F1A-B595-4E1EBD4D3F37}
		{2ECC2AE9-24ED-4612-ADF6-27B2EA7D022E} = {B0F36FEC-B99D-4F1A-B595-4E1EBD4D3F37}
		{D68379E0-2D47-4A79-AA6E-0424A563BB3A} = {6FB7D79C-FD41-42EB-AC7C-0B122F1105ED}
		{5755C8DF-512C-4AE1-BEE5-0B9A5CB4DD34} = {6FB7D79C-FD41-42EB-AC7C-0B122F1105ED}
		{CD0687F7-E597-459F-94D7-9388E0FDF9EA} = {6FB7D79C-FD41-42EB-AC7C-0B122F1105ED}
		{009D46DA-870B-400F-AEF2-DC4BAD899E4C} = {6A1567E7-B428-4954-8CC0-8A943483E1EF}
		{63E9909F-C67E-4C3A-963C-E828E4C13F32} = {6A1567E7-B428-4954-8CC0-8A943483E1EF}
		{6AE273C7-9556-4F6A-A8F8-B17118BDC022} = {A784F7CC-5AA1-4C0A-BD51-8BF36C6BEA37}
		{B68BE7FD-52FA-4E0C-A491-3438137BB18A} = {8D7D5D02-12CE-4F95-9C95-A5CBE4327A2C}
		{B1E04EC3-1165-4095-9E26-8DCD3D312DC8} = {B68BE7FD-52FA-4E0C-A491-3438137BB18A}
		{CC0FCC47-449F-4FA9-89CB-DE5B330AC7F5} = {B68BE7FD-52FA-4E0C-A491-3438137BB18A}
		{7B576FEB-A1C9-4CBB-BF26-1AA2D5184B97} = {B68BE7FD-52FA-4E0C-A491-3438137BB18A}
		{59DD4F43-2F65-4539-B6F8-5E232F15B6E0} = {E0FAFCFC-679E-42E7-B66A-662CDC2124B2}
		{ABE1C3FF-3F23-4968-89B8-7B5C3BEA03C4} = {96F26632-B291-4699-9409-EF562702F837}
		{C71A3775-AB85-4321-8AB8-064AF3AE6469} = {96F26632-B291-4699-9409-EF562702F837}
		{7D326F97-372D-434D-B526-8297003798E2} = {0CC0947F-D184-4F7E-8E3C-6D77E6694234}
		{CE719747-AC36-4B43-88B1-397D36EBF94A} = {7D326F97-372D-434D-B526-8297003798E2}
		{9204A74E-3B69-4108-B3C3-39F248D8CEF7} = {ABE1C3FF-3F23-4968-89B8-7B5C3BEA03C4}
		{2A074707-0C07-402E-9E50-063AA5798149} = {ABE1C3FF-3F23-4968-89B8-7B5C3BEA03C4}
		{326D5CE4-7D59-455B-B7D8-E208BB5613C5} = {8D7D5D02-12CE-4F95-9C95-A5CBE4327A2C}
	EndGlobalSection
	GlobalSection(ExtensibilityGlobals) = postSolution
		SolutionGuid = {705F1F45-C3F9-498D-B0B5-77600798CF01}
	EndGlobalSection
EndGlobal
